
Microsoft Visual Studio Solution File, Format Version 12.00
# Visual Studio Version 16
VisualStudioVersion = 16.0.30523.141
MinimumVisualStudioVersion = 10.0.40219.1
Project("{FAE04EC0-301F-11D3-BF4B-00C04F79EFBC}") = "RandomFiles", "RandomFiles.csproj", "{7E6B5ED4-C0B9-429D-9698-BCE774D47FD4}"
EndProject
Global
	GlobalSection(SolutionConfigurationPlatforms) = preSolution
		Debug|Any CPU = Debug|Any CPU
		Release|Any CPU = Release|Any CPU
	EndGlobalSection
	GlobalSection(ProjectConfigurationPlatforms) = postSolution
		{7E6B5ED4-C0B9-429D-9698-BCE774D47FD4}.Debug|Any CPU.ActiveCfg = Debug|Any CPU
		{7E6B5ED4-C0B9-429D-9698-BCE774D47FD4}.Debug|Any CPU.Build.0 = Debug|Any CPU
		{7E6B5ED4-C0B9-429D-9698-BCE774D47FD4}.Release|Any CPU.ActiveCfg = Release|Any CPU
		{7E6B5ED4-C0B9-429D-9698-BCE774D47FD4}.Release|Any CPU.Build.0 = Release|Any CPU
	EndGlobalSection
	GlobalSection(SolutionProperties) = preSolution
		HideSolutionNode = FALSE
	EndGlobalSection
	GlobalSection(ExtensibilityGlobals) = postSolution
		SolutionGuid = {FC305E7A-978E-4715-9E0F-4807B0C4B683}
	EndGlobalSection
EndGlobal
